// !$*UTF8*$!
{
	archiveVersion = 1;
	classes = {
	};
	objectVersion = 56;
	objects = {

/* Begin PBXBuildFile section */
		B0950358292EB9EE003F3777 /* Story.swift in Sources */ = {isa = PBXBuildFile; fileRef = B0950357292EB9EE003F3777 /* Story.swift */; };
		B095035A292EB9F8003F3777 /* StoryBrain.swift in Sources */ = {isa = PBXBuildFile; fileRef = B0950359292EB9F8003F3777 /* StoryBrain.swift */; };
		B0BE3E54292EB75F00763860 /* AppDelegate.swift in Sources */ = {isa = PBXBuildFile; fileRef = B0BE3E53292EB75F00763860 /* AppDelegate.swift */; };
		B0BE3E56292EB75F00763860 /* SceneDelegate.swift in Sources */ = {isa = PBXBuildFile; fileRef = B0BE3E55292EB75F00763860 /* SceneDelegate.swift */; };
		B0BE3E58292EB75F00763860 /* ViewController.swift in Sources */ = {isa = PBXBuildFile; fileRef = B0BE3E57292EB75F00763860 /* ViewController.swift */; };
		B0BE3E5B292EB75F00763860 /* Main.storyboard in Resources */ = {isa = PBXBuildFile; fileRef = B0BE3E59292EB75F00763860 /* Main.storyboard */; };
		B0BE3E5D292EB75F00763860 /* Assets.xcassets in Resources */ = {isa = PBXBuildFile; fileRef = B0BE3E5C292EB75F00763860 /* Assets.xcassets */; };
		B0BE3E60292EB75F00763860 /* LaunchScreen.storyboard in Resources */ = {isa = PBXBuildFile; fileRef = B0BE3E5E292EB75F00763860 /* LaunchScreen.storyboard */; };
/* End PBXBuildFile section */

/* Begin PBXFileReference section */
		B0950357292EB9EE003F3777 /* Story.swift */ = {isa = PBXFileReference; lastKnownFileType = sourcecode.swift; path = Story.swift; sourceTree = "<group>"; };
		B0950359292EB9F8003F3777 /* StoryBrain.swift */ = {isa = PBXFileReference; lastKnownFileType = sourcecode.swift; path = StoryBrain.swift; sourceTree = "<group>"; };
		B0BE3E50292EB75F00763860 /* DestiniApp.app */ = {isa = PBXFileReference; explicitFileType = wrapper.application; includeInIndex = 0; path = DestiniApp.app; sourceTree = BUILT_PRODUCTS_DIR; };
		B0BE3E53292EB75F00763860 /* AppDelegate.swift */ = {isa = PBXFileReference; lastKnownFileType = sourcecode.swift; path = AppDelegate.swift; sourceTree = "<group>"; };
		B0BE3E55292EB75F00763860 /* SceneDelegate.swift */ = {isa = PBXFileReference; lastKnownFileType = sourcecode.swift; path = SceneDelegate.swift; sourceTree = "<group>"; };
		B0BE3E57292EB75F00763860 /* ViewController.swift */ = {isa = PBXFileReference; lastKnownFileType = sourcecode.swift; path = ViewController.swift; sourceTree = "<group>"; };
		B0BE3E5A292EB75F00763860 /* Base */ = {isa = PBXFileReference; lastKnownFileType = file.storyboard; name = Base; path = Base.lproj/Main.storyboard; sourceTree = "<group>"; };
		B0BE3E5C292EB75F00763860 /* Assets.xcassets */ = {isa = PBXFileReference; lastKnownFileType = folder.assetcatalog; path = Assets.xcassets; sourceTree = "<group>"; };
		B0BE3E5F292EB75F00763860 /* Base */ = {isa = PBXFileReference; lastKnownFileType = file.storyboard; name = Base; path = Base.lproj/LaunchScreen.storyboard; sourceTree = "<group>"; };
		B0BE3E61292EB75F00763860 /* Info.plist */ = {isa = PBXFileReference; lastKnownFileType = text.plist.xml; path = Info.plist; sourceTree = "<group>"; };
/* End PBXFileReference section */

/* Begin PBXFrameworksBuildPhase section */
		B0BE3E4D292EB75F00763860 /* Frameworks */ = {
			isa = PBXFrameworksBuildPhase;
			buildActionMask = 2147483647;
			files = (
			);
			runOnlyForDeploymentPostprocessing = 0;
		};
/* End PBXFrameworksBuildPhase section */

/* Begin PBXGroup section */
		B0950354292EB9AD003F3777 /* Model */ = {
			isa = PBXGroup;
			children = (
				B0950357292EB9EE003F3777 /* Story.swift */,
				B0950359292EB9F8003F3777 /* StoryBrain.swift */,
			);
			path = Model;
			sourceTree = "<group>";
		};
		B0950355292EB9B6003F3777 /* View */ = {
			isa = PBXGroup;
			children = (
				B0BE3E59292EB75F00763860 /* Main.storyboard */,
			);
			path = View;
			sourceTree = "<group>";
		};
		B0950356292EB9BF003F3777 /* Controller */ = {
			isa = PBXGroup;
			children = (
				B0BE3E57292EB75F00763860 /* ViewController.swift */,
			);
			path = Controller;
			sourceTree = "<group>";
		};
		B0BE3E47292EB75F00763860 = {
			isa = PBXGroup;
			children = (
				B0BE3E52292EB75F00763860 /* DestiniApp */,
				B0BE3E51292EB75F00763860 /* Products */,
			);
			sourceTree = "<group>";
		};
		B0BE3E51292EB75F00763860 /* Products */ = {
			isa = PBXGroup;
			children = (
				B0BE3E50292EB75F00763860 /* DestiniApp.app */,
			);
			name = Products;
			sourceTree = "<group>";
		};
		B0BE3E52292EB75F00763860 /* DestiniApp */ = {
			isa = PBXGroup;
			children = (
				B0950354292EB9AD003F3777 /* Model */,
				B0950355292EB9B6003F3777 /* View */,
				B0950356292EB9BF003F3777 /* Controller */,
				B0BE3E53292EB75F00763860 /* AppDelegate.swift */,
				B0BE3E55292EB75F00763860 /* SceneDelegate.swift */,
				B0BE3E5C292EB75F00763860 /* Assets.xcassets */,
				B0BE3E5E292EB75F00763860 /* LaunchScreen.storyboard */,
				B0BE3E61292EB75F00763860 /* Info.plist */,
			);
			path = DestiniApp;
			sourceTree = "<group>";
		};
/* End PBXGroup section */

/* Begin PBXNativeTarget section */
		B0BE3E4F292EB75F00763860 /* DestiniApp */ = {
			isa = PBXNativeTarget;
			buildConfigurationList = B0BE3E64292EB75F00763860 /* Build configuration list for PBXNativeTarget "DestiniApp" */;
			buildPhases = (
				B0BE3E4C292EB75F00763860 /* Sources */,
				B0BE3E4D292EB75F00763860 /* Frameworks */,
				B0BE3E4E292EB75F00763860 /* Resources */,
			);
			buildRules = (
			);
			dependencies = (
			);
			name = DestiniApp;
			productName = DestiniApp;
			productReference = B0BE3E50292EB75F00763860 /* DestiniApp.app */;
			productType = "com.apple.product-type.application";
		};
/* End PBXNativeTarget section */

/* Begin PBXProject section */
		B0BE3E48292EB75F00763860 /* Project object */ = {
			isa = PBXProject;
			attributes = {
				BuildIndependentTargetsInParallel = 1;
				LastSwiftUpdateCheck = 1410;
				LastUpgradeCheck = 1410;
				TargetAttributes = {
					B0BE3E4F292EB75F00763860 = {
						CreatedOnToolsVersion = 14.1;
					};
				};
			};
			buildConfigurationList = B0BE3E4B292EB75F00763860 /* Build configuration list for PBXProject "DestiniApp" */;
			compatibilityVersion = "Xcode 14.0";
			developmentRegion = en;
			hasScannedForEncodings = 0;
			knownRegions = (
				en,
				Base,
			);
			mainGroup = B0BE3E47292EB75F00763860;
			productRefGroup = B0BE3E51292EB75F00763860 /* Products */;
			projectDirPath = "";
			projectRoot = "";
			targets = (
				B0BE3E4F292EB75F00763860 /* DestiniApp */,
			);
		};
/* End PBXProject section */

/* Begin PBXResourcesBuildPhase section */
		B0BE3E4E292EB75F00763860 /* Resources */ = {
			isa = PBXResourcesBuildPhase;
			buildActionMask = 2147483647;
			files = (
				B0BE3E60292EB75F00763860 /* LaunchScreen.storyboard in Resources */,
				B0BE3E5D292EB75F00763860 /* Assets.xcassets in Resources */,
				B0BE3E5B292EB75F00763860 /* Main.storyboard in Resources */,
			);
			runOnlyForDeploymentPostprocessing = 0;
		};
/* End PBXResourcesBuildPhase section */

/* Begin PBXSourcesBuildPhase section */
		B0BE3E4C292EB75F00763860 /* Sources */ = {
			isa = PBXSourcesBuildPhase;
			buildActionMask = 2147483647;
			files = (
				B095035A292EB9F8003F3777 /* StoryBrain.swift in Sources */,
				B0BE3E58292EB75F00763860 /* ViewController.swift in Sources */,
				B0BE3E54292EB75F00763860 /* AppDelegate.swift in Sources */,
				B0BE3E56292EB75F00763860 /* SceneDelegate.swift in Sources */,
				B0950358292EB9EE003F3777 /* Story.swift in Sources */,
			);
			runOnlyForDeploymentPostprocessing = 0;
		};
/* End PBXSourcesBuildPhase section */

/* Begin PBXVariantGroup section */
		B0BE3E59292EB75F00763860 /* Main.storyboard */ = {
			isa = PBXVariantGroup;
			children = (
				B0BE3E5A292EB75F00763860 /* Base */,
			);
			name = Main.storyboard;
			sourceTree = "<group>";
		};
		B0BE3E5E292EB75F00763860 /* LaunchScreen.storyboard */ = {
			isa = PBXVariantGroup;
			children = (
				B0BE3E5F292EB75F00763860 /* Base */,
			);
			name = LaunchScreen.storyboard;
			sourceTree = "<group>";
		};
/* End PBXVariantGroup section */

/* Begin XCBuildConfiguration section */
		B0BE3E62292EB75F00763860 /* Debug */ = {
			isa = XCBuildConfiguration;
			buildSettings = {
				ALWAYS_SEARCH_USER_PATHS = NO;
				CLANG_ANALYZER_NONNULL = YES;
				CLANG_ANALYZER_NUMBER_OBJECT_CONVERSION = YES_AGGRESSIVE;
				CLANG_CXX_LANGUAGE_STANDARD = "gnu++20";
				CLANG_ENABLE_MODULES = YES;
				CLANG_ENABLE_OBJC_ARC = YES;
				CLANG_ENABLE_OBJC_WEAK = YES;
				CLANG_WARN_BLOCK_CAPTURE_AUTORELEASING = YES;
				CLANG_WARN_BOOL_CONVERSION = YES;
				CLANG_WARN_COMMA = YES;
				CLANG_WARN_CONSTANT_CONVERSION = YES;
				CLANG_WARN_DEPRECATED_OBJC_IMPLEMENTATIONS = YES;
				CLANG_WARN_DIRECT_OBJC_ISA_USAGE = YES_ERROR;
				CLANG_WARN_DOCUMENTATION_COMMENTS = YES;
				CLANG_WARN_EMPTY_BODY = YES;
				CLANG_WARN_ENUM_CONVERSION = YES;
				CLANG_WARN_INFINITE_RECURSION = YES;
				CLANG_WARN_INT_CONVERSION = YES;
				CLANG_WARN_NON_LITERAL_NULL_CONVERSION = YES;
				CLANG_WARN_OBJC_IMPLICIT_RETAIN_SELF = YES;
				CLANG_WARN_OBJC_LITERAL_CONVERSION = YES;
				CLANG_WARN_OBJC_ROOT_CLASS = YES_ERROR;
				CLANG_WARN_QUOTED_INCLUDE_IN_FRAMEWORK_HEADER = YES;
				CLANG_WARN_RANGE_LOOP_ANALYSIS = YES;
				CLANG_WARN_STRICT_PROTOTYPES = YES;
				CLANG_WARN_SUSPICIOUS_MOVE = YES;
				CLANG_WARN_UNGUARDED_AVAILABILITY = YES_AGGRESSIVE;
				CLANG_WARN_UNREACHABLE_CODE = YES;
				CLANG_WARN__DUPLICATE_METHOD_MATCH = YES;
				COPY_PHASE_STRIP = NO;
				DEBUG_INFORMATION_FORMAT = dwarf;
				ENABLE_STRICT_OBJC_MSGSEND = YES;
				ENABLE_TESTABILITY = YES;
				GCC_C_LANGUAGE_STANDARD = gnu11;
				GCC_DYNAMIC_NO_PIC = NO;
				GCC_NO_COMMON_BLOCKS = YES;
				GCC_OPTIMIZATION_LEVEL = 0;
				GCC_PREPROCESSOR_DEFINITIONS = (
					"DEBUG=1",
					"$(inherited)",
				);
				GCC_WARN_64_TO_32_BIT_CONVERSION = YES;
				GCC_WARN_ABOUT_RETURN_TYPE = YES_ERROR;
				GCC_WARN_UNDECLARED_SELECTOR = YES;
				GCC_WARN_UNINITIALIZED_AUTOS = YES_AGGRESSIVE;
				GCC_WARN_UNUSED_FUNCTION = YES;
				GCC_WARN_UNUSED_VARIABLE = YES;
				IPHONEOS_DEPLOYMENT_TARGET = 16.1;
				MTL_ENABLE_DEBUG_INFO = INCLUDE_SOURCE;
				MTL_FAST_MATH = YES;
				ONLY_ACTIVE_ARCH = YES;
				SDKROOT = iphoneos;
				SWIFT_ACTIVE_COMPILATION_CONDITIONS = DEBUG;
				SWIFT_OPTIMIZATION_LEVEL = "-Onone";
			};
			name = Debug;
		};
		B0BE3E63292EB75F00763860 /* Release */ = {
			isa = XCBuildConfiguration;
			buildSettings = {
				ALWAYS_SEARCH_USER_PATHS = NO;
				CLANG_ANALYZER_NONNULL = YES;
				CLANG_ANALYZER_NUMBER_OBJECT_CONVERSION = YES_AGGRESSIVE;
				CLANG_CXX_LANGUAGE_STANDARD = "gnu++20";
				CLANG_ENABLE_MODULES = YES;
				CLANG_ENABLE_OBJC_ARC = YES;
				CLANG_ENABLE_OBJC_WEAK = YES;
				CLANG_WARN_BLOCK_CAPTURE_AUTORELEASING = YES;
				CLANG_WARN_BOOL_CONVERSION = YES;
				CLANG_WARN_COMMA = YES;
				CLANG_WARN_CONSTANT_CONVERSION = YES;
				CLANG_WARN_DEPRECATED_OBJC_IMPLEMENTATIONS = YES;
				CLANG_WARN_DIRECT_OBJC_ISA_USAGE = YES_ERROR;
				CLANG_WARN_DOCUMENTATION_COMMENTS = YES;
				CLANG_WARN_EMPTY_BODY = YES;
				CLANG_WARN_ENUM_CONVERSION = YES;
				CLANG_WARN_INFINITE_RECURSION = YES;
				CLANG_WARN_INT_CONVERSION = YES;
				CLANG_WARN_NON_LITERAL_NULL_CONVERSION = YES;
				CLANG_WARN_OBJC_IMPLICIT_RETAIN_SELF = YES;
				CLANG_WARN_OBJC_LITERAL_CONVERSION = YES;
				CLANG_WARN_OBJC_ROOT_CLASS = YES_ERROR;
				CLANG_WARN_QUOTED_INCLUDE_IN_FRAMEWORK_HEADER = YES;
				CLANG_WARN_RANGE_LOOP_ANALYSIS = YES;
				CLANG_WARN_STRICT_PROTOTYPES = YES;
				CLANG_WARN_SUSPICIOUS_MOVE = YES;
				CLANG_WARN_UNGUARDED_AVAILABILITY = YES_AGGRESSIVE;
				CLANG_WARN_UNREACHABLE_CODE = YES;
				CLANG_WARN__DUPLICATE_METHOD_MATCH = YES;
				COPY_PHASE_STRIP = NO;
				DEBUG_INFORMATION_FORMAT = "dwarf-with-dsym";
				ENABLE_NS_ASSERTIONS = NO;
				ENABLE_STRICT_OBJC_MSGSEND = YES;
				GCC_C_LANGUAGE_STANDARD = gnu11;
				GCC_NO_COMMON_BLOCKS = YES;
				GCC_WARN_64_TO_32_BIT_CONVERSION = YES;
				GCC_WARN_ABOUT_RETURN_TYPE = YES_ERROR;
				GCC_WARN_UNDECLARED_SELECTOR = YES;
				GCC_WARN_UNINITIALIZED_AUTOS = YES_AGGRESSIVE;
				GCC_WARN_UNUSED_FUNCTION = YES;
				GCC_WARN_UNUSED_VARIABLE = YES;
				IPHONEOS_DEPLOYMENT_TARGET = 16.1;
				MTL_ENABLE_DEBUG_INFO = NO;
				MTL_FAST_MATH = YES;
				SDKROOT = iphoneos;
				SWIFT_COMPILATION_MODE = wholemodule;
				SWIFT_OPTIMIZATION_LEVEL = "-O";
				VALIDATE_PRODUCT = YES;
			};
			name = Release;
		};
		B0BE3E65292EB75F00763860 /* Debug */ = {
			isa = XCBuildConfiguration;
			buildSettings = {
				ASSETCATALOG_COMPILER_APPICON_NAME = AppIcon;
				ASSETCATALOG_COMPILER_GLOBAL_ACCENT_COLOR_NAME = AccentColor;
				CODE_SIGN_STYLE = Automatic;
				CURRENT_PROJECT_VERSION = 1;
				DEVELOPMENT_TEAM = 95H4F25F77;
				GENERATE_INFOPLIST_FILE = YES;
				INFOPLIST_FILE = DestiniApp/Info.plist;
				INFOPLIST_KEY_UIApplicationSupportsIndirectInputEvents = YES;
				INFOPLIST_KEY_UILaunchStoryboardName = LaunchScreen;
				INFOPLIST_KEY_UIMainStoryboardFile = Main;
				INFOPLIST_KEY_UISupportedInterfaceOrientations_iPad = "UIInterfaceOrientationPortrait UIInterfaceOrientationPortraitUpsideDown UIInterfaceOrientationLandscapeLeft UIInterfaceOrientationLandscapeRight";
				INFOPLIST_KEY_UISupportedInterfaceOrientations_iPhone = "UIInterfaceOrientationPortrait UIInterfaceOrientationLandscapeLeft UIInterfaceOrientationLandscapeRight";
				LD_RUNPATH_SEARCH_PATHS = (
					"$(inherited)",
					"@executable_path/Frameworks",
				);
				MARKETING_VERSION = 1.0;
				PRODUCT_BUNDLE_IDENTIFIER = net.linasdev.DestiniApp;
				PRODUCT_NAME = "$(TARGET_NAME)";
				SWIFT_EMIT_LOC_STRINGS = YES;
				SWIFT_VERSION = 5.0;
				TARGETED_DEVICE_FAMILY = "1,2";
			};
			name = Debug;
		};
		B0BE3E66292EB75F00763860 /* Release */ = {
			isa = XCBuildConfiguration;
			buildSettings = {
				ASSETCATALOG_COMPILER_APPICON_NAME = AppIcon;
				ASSETCATALOG_COMPILER_GLOBAL_ACCENT_COLOR_NAME = AccentColor;
				CODE_SIGN_STYLE = Automatic;
				CURRENT_PROJECT_VERSION = 1;
				DEVELOPMENT_TEAM = 95H4F25F77;
				GENERATE_INFOPLIST_FILE = YES;
				INFOPLIST_FILE = DestiniApp/Info.plist;
				INFOPLIST_KEY_UIApplicationSupportsIndirectInputEvents = YES;
				INFOPLIST_KEY_UILaunchStoryboardName = LaunchScreen;
				INFOPLIST_KEY_UIMainStoryboardFile = Main;
				INFOPLIST_KEY_UISupportedInterfaceOrientations_iPad = "UIInterfaceOrientationPortrait UIInterfaceOrientationPortraitUpsideDown UIInterfaceOrientationLandscapeLeft UIInterfaceOrientationLandscapeRight";
				INFOPLIST_KEY_UISupportedInterfaceOrientations_iPhone = "UIInterfaceOrientationPortrait UIInterfaceOrientationLandscapeLeft UIInterfaceOrientationLandscapeRight";
				LD_RUNPATH_SEARCH_PATHS = (
					"$(inherited)",
					"@executable_path/Frameworks",
				);
				MARKETING_VERSION = 1.0;
				PRODUCT_BUNDLE_IDENTIFIER = net.linasdev.DestiniApp;
				PRODUCT_NAME = "$(TARGET_NAME)";
				SWIFT_EMIT_LOC_STRINGS = YES;
				SWIFT_VERSION = 5.0;
				TARGETED_DEVICE_FAMILY = "1,2";
			};
			name = Release;
		};
/* End XCBuildConfiguration section */

/* Begin XCConfigurationList section */
		B0BE3E4B292EB75F00763860 /* Build configuration list for PBXProject "DestiniApp" */ = {
			isa = XCConfigurationList;
			buildConfigurations = (
				B0BE3E62292EB75F00763860 /* Debug */,
				B0BE3E63292EB75F00763860 /* Release */,
			);
			defaultConfigurationIsVisible = 0;
			defaultConfigurationName = Release;
		};
		B0BE3E64292EB75F00763860 /* Build configuration list for PBXNativeTarget "DestiniApp" */ = {
			isa = XCConfigurationList;
			buildConfigurations = (
				B0BE3E65292EB75F00763860 /* Debug */,
				B0BE3E66292EB75F00763860 /* Release */,
			);
			defaultConfigurationIsVisible = 0;
			defaultConfigurationName = Release;
		};
/* End XCConfigurationList section */
	};
	rootObject = B0BE3E48292EB75F00763860 /* Project object */;
}
